
Microsoft Visual Studio Solution File, Format Version 12.00
# Visual Studio Version 17
VisualStudioVersion = 17.12.35707.178 d17.12
MinimumVisualStudioVersion = 10.0.40219.1
Project("{8BC9CEB8-8B4A-11D0-8D11-00A0C91BC942}") = "MathLibrary", "MathLibrary\MathLibrary.vcxproj", "{7FF15FC9-53A8-49C2-AE03-F9DDFC68664E}"
EndProject
Project("{8BC9CEB8-8B4A-11D0-8D11-00A0C91BC942}") = "MainMathLibrary", "MainMathLibrary\MainMathLibrary.vcxproj", "{E22F873A-30B2-49D7-9B46-4681B08A8E16}"
EndProject
Global
	GlobalSection(SolutionConfigurationPlatforms) = preSolution
		Debug|x64 = Debug|x64
		Debug|x86 = Debug|x86
		Release|x64 = Release|x64
		Release|x86 = Release|x86
	EndGlobalSection
	GlobalSection(ProjectConfigurationPlatforms) = postSolution
		{7FF15FC9-53A8-49C2-AE03-F9DDFC68664E}.Debug|x64.ActiveCfg = Debug|x64
		{7FF15FC9-53A8-49C2-AE03-F9DDFC68664E}.Debug|x64.Build.0 = Debug|x64
		{7FF15FC9-53A8-49C2-AE03-F9DDFC68664E}.Debug|x86.ActiveCfg = Debug|Win32
		{7FF15FC9-53A8-49C2-AE03-F9DDFC68664E}.Debug|x86.Build.0 = Debug|Win32
		{7FF15FC9-53A8-49C2-AE03-F9DDFC68664E}.Release|x64.ActiveCfg = Release|x64
		{7FF15FC9-53A8-49C2-AE03-F9DDFC68664E}.Release|x64.Build.0 = Release|x64
		{7FF15FC9-53A8-49C2-AE03-F9DDFC68664E}.Release|x86.ActiveCfg = Release|Win32
		{7FF15FC9-53A8-49C2-AE03-F9DDFC68664E}.Release|x86.Build.0 = Release|Win32
		{E22F873A-30B2-49D7-9B46-4681B08A8E16}.Debug|x64.ActiveCfg = Debug|x64
		{E22F873A-30B2-49D7-9B46-4681B08A8E16}.Debug|x64.Build.0 = Debug|x64
		{E22F873A-30B2-49D7-9B46-4681B08A8E16}.Debug|x86.ActiveCfg = Debug|Win32
		{E22F873A-30B2-49D7-9B46-4681B08A8E16}.Debug|x86.Build.0 = Debug|Win32
		{E22F873A-30B2-49D7-9B46-4681B08A8E16}.Release|x64.ActiveCfg = Release|x64
		{E22F873A-30B2-49D7-9B46-4681B08A8E16}.Release|x64.Build.0 = Release|x64
		{E22F873A-30B2-49D7-9B46-4681B08A8E16}.Release|x86.ActiveCfg = Release|Win32
		{E22F873A-30B2-49D7-9B46-4681B08A8E16}.Release|x86.Build.0 = Release|Win32
	EndGlobalSection
	GlobalSection(SolutionProperties) = preSolution
		HideSolutionNode = FALSE
	EndGlobalSection
EndGlobal
